{
  "version": 4,
  "terraform_version": "0.12.29",
  "serial": 45,
  "lineage": "dcc04ad9-eb6c-b30c-4730-3447ea1a61c6",
  "outputs": {
    "Jenkins-Master-AMI-ID": {
      "value": "ami-0947d2ba12ee1ff75",
      "type": "string"
    },
    "Jenkins-Master-Private-IP": {
      "value": "10.0.1.13",
      "type": "string"
    },
    "Jenkins-Worker-AMI-ID": {
      "value": "ami-0528a5175983e7f28",
      "type": "string"
    },
    "Jenkins-Worker-Private-IPs": {
      "value": {
        "i-01dbba3e7950015e6": "192.168.1.83"
      },
      "type": [
        "object",
        {
          "i-01dbba3e7950015e6": "string"
        }
      ]
    },
    "Jenkins-Worker-Public-IPs": {
      "value": {
        "i-01dbba3e7950015e6": "54.201.164.232"
      },
      "type": [
        "object",
        {
          "i-01dbba3e7950015e6": "string"
        }
      ]
    }
  },
  "resources": [
    {
      "mode": "data",
      "type": "aws_availability_zones",
      "name": "azs",
      "provider": "provider.aws.region-master",
      "instances": [
        {
          "schema_version": 0,
          "attributes": {
            "all_availability_zones": null,
            "exclude_names": null,
            "exclude_zone_ids": null,
            "filter": null,
            "group_names": [
              "us-east-1"
            ],
            "id": "2020-10-03 10:59:52.780480536 +0000 UTC",
            "names": [
              "us-east-1a",
              "us-east-1b",
              "us-east-1c",
              "us-east-1d",
              "us-east-1e",
              "us-east-1f"
            ],
            "state": "available",
            "zone_ids": [
              "use1-az2",
              "use1-az4",
              "use1-az6",
              "use1-az1",
              "use1-az3",
              "use1-az5"
            ]
          }
        }
      ]
    },
    {
      "mode": "data",
      "type": "aws_ssm_parameter",
      "name": "JenkinsMasterAmi",
      "provider": "provider.aws.region-master",
      "instances": [
        {
          "schema_version": 0,
          "attributes": {
            "arn": "arn:aws:ssm:us-east-1:342667981103:parameter/aws/service/ami-amazon-linux-latest/amzn2-ami-hvm-x86_64-gp2",
            "id": "/aws/service/ami-amazon-linux-latest/amzn2-ami-hvm-x86_64-gp2",
            "name": "/aws/service/ami-amazon-linux-latest/amzn2-ami-hvm-x86_64-gp2",
            "type": "String",
            "value": "ami-0947d2ba12ee1ff75",
            "version": 33,
            "with_decryption": true
          }
        }
      ]
    },
    {
      "mode": "data",
      "type": "aws_ssm_parameter",
      "name": "JenkinsWorkerAmi",
      "provider": "provider.aws.region-worker",
      "instances": [
        {
          "schema_version": 0,
          "attributes": {
            "arn": "arn:aws:ssm:us-west-2:342667981103:parameter/aws/service/ami-amazon-linux-latest/amzn2-ami-hvm-x86_64-gp2",
            "id": "/aws/service/ami-amazon-linux-latest/amzn2-ami-hvm-x86_64-gp2",
            "name": "/aws/service/ami-amazon-linux-latest/amzn2-ami-hvm-x86_64-gp2",
            "type": "String",
            "value": "ami-0528a5175983e7f28",
            "version": 34,
            "with_decryption": true
          }
        }
      ]
    },
    {
      "mode": "managed",
      "type": "aws_instance",
      "name": "jenkins-master",
      "provider": "provider.aws.region-master",
      "instances": [
        {
          "schema_version": 1,
          "attributes": {
            "ami": "ami-0947d2ba12ee1ff75",
            "arn": "arn:aws:ec2:us-east-1:342667981103:instance/i-0ab2cd614816350d9",
            "associate_public_ip_address": true,
            "availability_zone": "us-east-1a",
            "cpu_core_count": 1,
            "cpu_threads_per_core": 2,
            "credit_specification": [
              {
                "cpu_credits": "unlimited"
              }
            ],
            "disable_api_termination": false,
            "ebs_block_device": [],
            "ebs_optimized": false,
            "ephemeral_block_device": [],
            "get_password_data": false,
            "hibernation": false,
            "host_id": null,
            "iam_instance_profile": "",
            "id": "i-0ab2cd614816350d9",
            "instance_initiated_shutdown_behavior": null,
            "instance_state": "running",
            "instance_type": "t3.micro",
            "ipv6_address_count": 0,
            "ipv6_addresses": [],
            "key_name": "jenkins7",
            "metadata_options": [
              {
                "http_endpoint": "enabled",
                "http_put_response_hop_limit": 1,
                "http_tokens": "optional"
              }
            ],
            "monitoring": false,
            "network_interface": [],
            "outpost_arn": "",
            "password_data": "",
            "placement_group": "",
            "primary_network_interface_id": "eni-030a6fed98c57cd43",
            "private_dns": "ip-10-0-1-13.ec2.internal",
            "private_ip": "10.0.1.13",
            "public_dns": "ec2-34-238-155-76.compute-1.amazonaws.com",
            "public_ip": "34.238.155.76",
            "root_block_device": [
              {
                "delete_on_termination": true,
                "device_name": "/dev/xvda",
                "encrypted": false,
                "iops": 100,
                "kms_key_id": "",
                "volume_id": "vol-086ff6921096f6992",
                "volume_size": 8,
                "volume_type": "gp2"
              }
            ],
            "secondary_private_ips": [],
            "security_groups": [],
            "source_dest_check": true,
            "subnet_id": "subnet-009dfe82ada55687d",
            "tags": {
              "Name": "jenkins_master_tf"
            },
            "tenancy": "default",
            "timeouts": null,
            "user_data": null,
            "user_data_base64": null,
            "volume_tags": {},
            "vpc_security_group_ids": [
              "sg-06cfac84c45a2971b"
            ]
          },
          "private": "eyJlMmJmYjczMC1lY2FhLTExZTYtOGY4OC0zNDM2M2JjN2M0YzAiOnsiY3JlYXRlIjo2MDAwMDAwMDAwMDAsImRlbGV0ZSI6MTIwMDAwMDAwMDAwMCwidXBkYXRlIjo2MDAwMDAwMDAwMDB9LCJzY2hlbWFfdmVyc2lvbiI6IjEifQ==",
          "dependencies": [
            "aws_key_pair.master-key",
            "aws_main_route_table_association.set-master-default-rt-assoc",
            "aws_security_group.jenkins-sg",
            "aws_subnet.subnet_1"
          ]
        }
      ]
    },
    {
      "mode": "managed",
      "type": "aws_instance",
      "name": "jenkins-worker-oregon",
      "each": "list",
      "provider": "provider.aws.region-worker",
      "instances": [
        {
          "index_key": 0,
          "schema_version": 1,
          "attributes": {
            "ami": "ami-0528a5175983e7f28",
            "arn": "arn:aws:ec2:us-west-2:342667981103:instance/i-01dbba3e7950015e6",
            "associate_public_ip_address": true,
            "availability_zone": "us-west-2c",
            "cpu_core_count": 1,
            "cpu_threads_per_core": 2,
            "credit_specification": [
              {
                "cpu_credits": "unlimited"
              }
            ],
            "disable_api_termination": false,
            "ebs_block_device": [],
            "ebs_optimized": false,
            "ephemeral_block_device": [],
            "get_password_data": false,
            "hibernation": false,
            "host_id": null,
            "iam_instance_profile": "",
            "id": "i-01dbba3e7950015e6",
            "instance_initiated_shutdown_behavior": null,
            "instance_state": "running",
            "instance_type": "t3.micro",
            "ipv6_address_count": 0,
            "ipv6_addresses": [],
            "key_name": "jenkins7",
            "metadata_options": [
              {
                "http_endpoint": "enabled",
                "http_put_response_hop_limit": 1,
                "http_tokens": "optional"
              }
            ],
            "monitoring": false,
            "network_interface": [],
            "outpost_arn": "",
            "password_data": "",
            "placement_group": "",
            "primary_network_interface_id": "eni-002c42661332525da",
            "private_dns": "ip-192-168-1-83.us-west-2.compute.internal",
            "private_ip": "192.168.1.83",
            "public_dns": "ec2-54-201-164-232.us-west-2.compute.amazonaws.com",
            "public_ip": "54.201.164.232",
            "root_block_device": [
              {
                "delete_on_termination": true,
                "device_name": "/dev/xvda",
                "encrypted": false,
                "iops": 100,
                "kms_key_id": "",
                "volume_id": "vol-0ec662f5fc46293e6",
                "volume_size": 8,
                "volume_type": "gp2"
              }
            ],
            "secondary_private_ips": [],
            "security_groups": [],
            "source_dest_check": true,
            "subnet_id": "subnet-0f5b940b517a5aade",
            "tags": {
              "Name": "jenkins_worker_tf_1"
            },
            "tenancy": "default",
            "timeouts": null,
            "user_data": null,
            "user_data_base64": null,
            "volume_tags": {},
            "vpc_security_group_ids": [
              "sg-08f958fae73c7954a"
            ]
          },
          "private": "eyJlMmJmYjczMC1lY2FhLTExZTYtOGY4OC0zNDM2M2JjN2M0YzAiOnsiY3JlYXRlIjo2MDAwMDAwMDAwMDAsImRlbGV0ZSI6MTIwMDAwMDAwMDAwMCwidXBkYXRlIjo2MDAwMDAwMDAwMDB9LCJzY2hlbWFfdmVyc2lvbiI6IjEifQ==",
          "dependencies": [
            "aws_instance.jenkins-master",
            "aws_key_pair.master-key",
            "aws_key_pair.worker-key",
            "aws_main_route_table_association.set-master-default-rt-assoc",
            "aws_main_route_table_association.set-worker-default-rt-assoc",
            "aws_security_group.jenkins-sg",
            "aws_security_group.jenkins-sg-oregon",
            "aws_subnet.subnet_1",
            "aws_subnet.subnet_1_oregon"
          ]
        }
      ]
    },
    {
      "mode": "managed",
      "type": "aws_internet_gateway",
      "name": "igw",
      "provider": "provider.aws.region-master",
      "instances": [
        {
          "schema_version": 0,
          "attributes": {
            "arn": "arn:aws:ec2:us-east-1:342667981103:internet-gateway/igw-0682dbf794e15c446",
            "id": "igw-0682dbf794e15c446",
            "owner_id": "342667981103",
            "tags": {},
            "vpc_id": "vpc-030c8963e1066db70"
          },
          "private": "bnVsbA==",
          "dependencies": [
            "aws_vpc.vpc_useast"
          ]
        }
      ]
    },
    {
      "mode": "managed",
      "type": "aws_internet_gateway",
      "name": "igw-oregon",
      "provider": "provider.aws.region-worker",
      "instances": [
        {
          "schema_version": 0,
          "attributes": {
            "arn": "arn:aws:ec2:us-west-2:342667981103:internet-gateway/igw-0ba5f4a408c764bab",
            "id": "igw-0ba5f4a408c764bab",
            "owner_id": "342667981103",
            "tags": {},
            "vpc_id": "vpc-0809a0a4817eb5916"
          },
          "private": "bnVsbA==",
          "dependencies": [
            "aws_vpc.vpc_uswest"
          ]
        }
      ]
    },
    {
      "mode": "managed",
      "type": "aws_key_pair",
      "name": "master-key",
      "provider": "provider.aws.region-master",
      "instances": [
        {
          "schema_version": 1,
          "attributes": {
            "arn": "arn:aws:ec2:us-east-1:342667981103:key-pair/jenkins7",
            "fingerprint": "2e:ea:f1:cb:9a:d9:95:a7:aa:c3:c1:16:85:0d:74:1c",
            "id": "jenkins7",
            "key_name": "jenkins7",
            "key_name_prefix": null,
            "key_pair_id": "key-0efdf8238aa9f430c",
            "public_key": "ssh-rsa AAAAB3NzaC1yc2EAAAADAQABAAABAQC1eWFn1yrfxBYpYcTqLAl85dPdnpcMQm92vSH+SdH0ciLV4YcO27+c1fa0/aDfMYZC9XOc4t7fYqCIT4OksjFRLcesoSunsMIlsSAUVa2tdsQpwqBeZlxX4E4HDp+we8yqpFpjvhqqbT7LVJYAvZ5a9hsl6yXpmz1f4zvOJJcQ+yLZUmxqfjvf9c4uzcYaj8/VK+1vx+oDwmsl+mPEjW+S2Bee5R/RNhavp3mJ6g5Kx3sS0cEKKWbxbGv/PXKR2AnWThqdlGlBioVl6Xu7RsuGKpqOJDD1sCXYecAlLkuR4bp4RRr6e4ZUjWOuF7uHJg0iHvc1tJJWjZKzJzK5o5gT ec2-user@ip-172-31-15-199.us-west-2.compute.internal",
            "tags": {}
          },
          "private": "eyJzY2hlbWFfdmVyc2lvbiI6IjEifQ=="
        }
      ]
    },
    {
      "mode": "managed",
      "type": "aws_key_pair",
      "name": "worker-key",
      "provider": "provider.aws.region-worker",
      "instances": [
        {
          "schema_version": 1,
          "attributes": {
            "arn": "arn:aws:ec2:us-west-2:342667981103:key-pair/jenkins7",
            "fingerprint": "2e:ea:f1:cb:9a:d9:95:a7:aa:c3:c1:16:85:0d:74:1c",
            "id": "jenkins7",
            "key_name": "jenkins7",
            "key_name_prefix": null,
            "key_pair_id": "key-07ccc299b4236ab4c",
            "public_key": "ssh-rsa AAAAB3NzaC1yc2EAAAADAQABAAABAQC1eWFn1yrfxBYpYcTqLAl85dPdnpcMQm92vSH+SdH0ciLV4YcO27+c1fa0/aDfMYZC9XOc4t7fYqCIT4OksjFRLcesoSunsMIlsSAUVa2tdsQpwqBeZlxX4E4HDp+we8yqpFpjvhqqbT7LVJYAvZ5a9hsl6yXpmz1f4zvOJJcQ+yLZUmxqfjvf9c4uzcYaj8/VK+1vx+oDwmsl+mPEjW+S2Bee5R/RNhavp3mJ6g5Kx3sS0cEKKWbxbGv/PXKR2AnWThqdlGlBioVl6Xu7RsuGKpqOJDD1sCXYecAlLkuR4bp4RRr6e4ZUjWOuF7uHJg0iHvc1tJJWjZKzJzK5o5gT ec2-user@ip-172-31-15-199.us-west-2.compute.internal",
            "tags": {}
          },
          "private": "eyJzY2hlbWFfdmVyc2lvbiI6IjEifQ=="
        }
      ]
    },
    {
      "mode": "managed",
      "type": "aws_main_route_table_association",
      "name": "set-master-default-rt-assoc",
      "provider": "provider.aws.region-master",
      "instances": [
        {
          "schema_version": 0,
          "attributes": {
            "id": "rtbassoc-094c282c9fd59dcbe",
            "original_route_table_id": "rtb-03faf0a12b31eb9a5",
            "route_table_id": "rtb-087769be4fb7ee87c",
            "vpc_id": "vpc-030c8963e1066db70"
          },
          "private": "bnVsbA==",
          "dependencies": [
            "aws_internet_gateway.igw",
            "aws_route_table.internet_route",
            "aws_vpc.vpc_useast",
            "aws_vpc.vpc_uswest",
            "aws_vpc_peering_connection.useast1-uswest-2"
          ]
        }
      ]
    },
    {
      "mode": "managed",
      "type": "aws_main_route_table_association",
      "name": "set-worker-default-rt-assoc",
      "provider": "provider.aws.region-worker",
      "instances": [
        {
          "schema_version": 0,
          "attributes": {
            "id": "rtbassoc-08c023494be9c2ee9",
            "original_route_table_id": "rtb-0796e932b8bc5ab5b",
            "route_table_id": "rtb-0ff0b151efe1ddd1d",
            "vpc_id": "vpc-0809a0a4817eb5916"
          },
          "private": "bnVsbA==",
          "dependencies": [
            "aws_internet_gateway.igw-oregon",
            "aws_route_table.internet_route_oregon",
            "aws_vpc.vpc_useast",
            "aws_vpc.vpc_uswest",
            "aws_vpc_peering_connection.useast1-uswest-2"
          ]
        }
      ]
    },
    {
      "mode": "managed",
      "type": "aws_route_table",
      "name": "internet_route",
      "provider": "provider.aws.region-master",
      "instances": [
        {
          "schema_version": 0,
          "attributes": {
            "id": "rtb-087769be4fb7ee87c",
            "owner_id": "342667981103",
            "propagating_vgws": [],
            "route": [
              {
                "cidr_block": "0.0.0.0/0",
                "egress_only_gateway_id": "",
                "gateway_id": "igw-0682dbf794e15c446",
                "instance_id": "",
                "ipv6_cidr_block": "",
                "local_gateway_id": "",
                "nat_gateway_id": "",
                "network_interface_id": "",
                "transit_gateway_id": "",
                "vpc_peering_connection_id": ""
              },
              {
                "cidr_block": "192.168.1.0/24",
                "egress_only_gateway_id": "",
                "gateway_id": "",
                "instance_id": "",
                "ipv6_cidr_block": "",
                "local_gateway_id": "",
                "nat_gateway_id": "",
                "network_interface_id": "",
                "transit_gateway_id": "",
                "vpc_peering_connection_id": "pcx-024d975687d2429f3"
              }
            ],
            "tags": {
              "Name": "Master-Region-RT"
            },
            "vpc_id": "vpc-030c8963e1066db70"
          },
          "private": "bnVsbA==",
          "dependencies": [
            "aws_internet_gateway.igw",
            "aws_vpc.vpc_useast",
            "aws_vpc.vpc_uswest",
            "aws_vpc_peering_connection.useast1-uswest-2"
          ]
        }
      ]
    },
    {
      "mode": "managed",
      "type": "aws_route_table",
      "name": "internet_route_oregon",
      "provider": "provider.aws.region-worker",
      "instances": [
        {
          "schema_version": 0,
          "attributes": {
            "id": "rtb-0ff0b151efe1ddd1d",
            "owner_id": "342667981103",
            "propagating_vgws": [],
            "route": [
              {
                "cidr_block": "0.0.0.0/0",
                "egress_only_gateway_id": "",
                "gateway_id": "igw-0ba5f4a408c764bab",
                "instance_id": "",
                "ipv6_cidr_block": "",
                "local_gateway_id": "",
                "nat_gateway_id": "",
                "network_interface_id": "",
                "transit_gateway_id": "",
                "vpc_peering_connection_id": ""
              },
              {
                "cidr_block": "10.0.1.0/24",
                "egress_only_gateway_id": "",
                "gateway_id": "",
                "instance_id": "",
                "ipv6_cidr_block": "",
                "local_gateway_id": "",
                "nat_gateway_id": "",
                "network_interface_id": "",
                "transit_gateway_id": "",
                "vpc_peering_connection_id": "pcx-024d975687d2429f3"
              }
            ],
            "tags": {
              "Name": "Worker-Region-RT"
            },
            "vpc_id": "vpc-0809a0a4817eb5916"
          },
          "private": "bnVsbA==",
          "dependencies": [
            "aws_internet_gateway.igw-oregon",
            "aws_vpc.vpc_useast",
            "aws_vpc.vpc_uswest",
            "aws_vpc_peering_connection.useast1-uswest-2"
          ]
        }
      ]
    },
    {
      "mode": "managed",
      "type": "aws_security_group",
      "name": "jenkins-sg",
      "provider": "provider.aws.region-master",
      "instances": [
        {
          "schema_version": 1,
          "attributes": {
            "arn": "arn:aws:ec2:us-east-1:342667981103:security-group/sg-06cfac84c45a2971b",
            "description": "Allow TCP/8080 \u0026 TCP/22",
            "egress": [
              {
                "cidr_blocks": [
                  "0.0.0.0/0"
                ],
                "description": "",
                "from_port": 0,
                "ipv6_cidr_blocks": [],
                "prefix_list_ids": [],
                "protocol": "-1",
                "security_groups": [],
                "self": false,
                "to_port": 0
              }
            ],
            "id": "sg-06cfac84c45a2971b",
            "ingress": [
              {
                "cidr_blocks": [
                  "0.0.0.0/0"
                ],
                "description": "Allow 22 from our public IP",
                "from_port": 22,
                "ipv6_cidr_blocks": [],
                "prefix_list_ids": [],
                "protocol": "tcp",
                "security_groups": [],
                "self": false,
                "to_port": 22
              },
              {
                "cidr_blocks": [
                  "0.0.0.0/0"
                ],
                "description": "allow anyone on port 8080",
                "from_port": 8080,
                "ipv6_cidr_blocks": [],
                "prefix_list_ids": [],
                "protocol": "tcp",
                "security_groups": [],
                "self": false,
                "to_port": 8080
              },
              {
                "cidr_blocks": [
                  "192.168.1.0/24"
                ],
                "description": "allow traffic from us-west-2",
                "from_port": 0,
                "ipv6_cidr_blocks": [],
                "prefix_list_ids": [],
                "protocol": "-1",
                "security_groups": [],
                "self": false,
                "to_port": 0
              }
            ],
            "name": "jenkins-sg",
            "name_prefix": "",
            "owner_id": "342667981103",
            "revoke_rules_on_delete": false,
            "tags": {},
            "timeouts": null,
            "vpc_id": "vpc-030c8963e1066db70"
          },
          "private": "eyJlMmJmYjczMC1lY2FhLTExZTYtOGY4OC0zNDM2M2JjN2M0YzAiOnsiY3JlYXRlIjo2MDAwMDAwMDAwMDAsImRlbGV0ZSI6NjAwMDAwMDAwMDAwfSwic2NoZW1hX3ZlcnNpb24iOiIxIn0=",
          "dependencies": [
            "aws_vpc.vpc_useast"
          ]
        }
      ]
    },
    {
      "mode": "managed",
      "type": "aws_security_group",
      "name": "jenkins-sg-oregon",
      "provider": "provider.aws.region-worker",
      "instances": [
        {
          "schema_version": 1,
          "attributes": {
            "arn": "arn:aws:ec2:us-west-2:342667981103:security-group/sg-08f958fae73c7954a",
            "description": "Allow TCP/8080 \u0026 TCP/22",
            "egress": [
              {
                "cidr_blocks": [
                  "0.0.0.0/0"
                ],
                "description": "",
                "from_port": 0,
                "ipv6_cidr_blocks": [],
                "prefix_list_ids": [],
                "protocol": "-1",
                "security_groups": [],
                "self": false,
                "to_port": 0
              }
            ],
            "id": "sg-08f958fae73c7954a",
            "ingress": [
              {
                "cidr_blocks": [
                  "0.0.0.0/0"
                ],
                "description": "Allow 22 from our public IP",
                "from_port": 22,
                "ipv6_cidr_blocks": [],
                "prefix_list_ids": [],
                "protocol": "tcp",
                "security_groups": [],
                "self": false,
                "to_port": 22
              },
              {
                "cidr_blocks": [
                  "10.0.1.0/24"
                ],
                "description": "Allow traffic from us-east-1",
                "from_port": 0,
                "ipv6_cidr_blocks": [],
                "prefix_list_ids": [],
                "protocol": "-1",
                "security_groups": [],
                "self": false,
                "to_port": 0
              }
            ],
            "name": "jenkins-sg-oregon",
            "name_prefix": "",
            "owner_id": "342667981103",
            "revoke_rules_on_delete": false,
            "tags": {},
            "timeouts": null,
            "vpc_id": "vpc-0809a0a4817eb5916"
          },
          "private": "eyJlMmJmYjczMC1lY2FhLTExZTYtOGY4OC0zNDM2M2JjN2M0YzAiOnsiY3JlYXRlIjo2MDAwMDAwMDAwMDAsImRlbGV0ZSI6NjAwMDAwMDAwMDAwfSwic2NoZW1hX3ZlcnNpb24iOiIxIn0=",
          "dependencies": [
            "aws_vpc.vpc_uswest"
          ]
        }
      ]
    },
    {
      "mode": "managed",
      "type": "aws_subnet",
      "name": "subnet_1",
      "provider": "provider.aws.region-master",
      "instances": [
        {
          "schema_version": 1,
          "attributes": {
            "arn": "arn:aws:ec2:us-east-1:342667981103:subnet/subnet-009dfe82ada55687d",
            "assign_ipv6_address_on_creation": false,
            "availability_zone": "us-east-1a",
            "availability_zone_id": "use1-az2",
            "cidr_block": "10.0.1.0/24",
            "id": "subnet-009dfe82ada55687d",
            "ipv6_cidr_block": "",
            "ipv6_cidr_block_association_id": "",
            "map_public_ip_on_launch": false,
            "outpost_arn": "",
            "owner_id": "342667981103",
            "tags": {},
            "timeouts": null,
            "vpc_id": "vpc-030c8963e1066db70"
          },
          "private": "eyJlMmJmYjczMC1lY2FhLTExZTYtOGY4OC0zNDM2M2JjN2M0YzAiOnsiY3JlYXRlIjo2MDAwMDAwMDAwMDAsImRlbGV0ZSI6MTIwMDAwMDAwMDAwMH0sInNjaGVtYV92ZXJzaW9uIjoiMSJ9",
          "dependencies": [
            "aws_vpc.vpc_useast"
          ]
        }
      ]
    },
    {
      "mode": "managed",
      "type": "aws_subnet",
      "name": "subnet_1_oregon",
      "provider": "provider.aws.region-worker",
      "instances": [
        {
          "schema_version": 1,
          "attributes": {
            "arn": "arn:aws:ec2:us-west-2:342667981103:subnet/subnet-0f5b940b517a5aade",
            "assign_ipv6_address_on_creation": false,
            "availability_zone": "us-west-2c",
            "availability_zone_id": "usw2-az3",
            "cidr_block": "192.168.1.0/24",
            "id": "subnet-0f5b940b517a5aade",
            "ipv6_cidr_block": "",
            "ipv6_cidr_block_association_id": "",
            "map_public_ip_on_launch": false,
            "outpost_arn": "",
            "owner_id": "342667981103",
            "tags": {},
            "timeouts": null,
            "vpc_id": "vpc-0809a0a4817eb5916"
          },
          "private": "eyJlMmJmYjczMC1lY2FhLTExZTYtOGY4OC0zNDM2M2JjN2M0YzAiOnsiY3JlYXRlIjo2MDAwMDAwMDAwMDAsImRlbGV0ZSI6MTIwMDAwMDAwMDAwMH0sInNjaGVtYV92ZXJzaW9uIjoiMSJ9",
          "dependencies": [
            "aws_vpc.vpc_uswest"
          ]
        }
      ]
    },
    {
      "mode": "managed",
      "type": "aws_vpc",
      "name": "vpc_useast",
      "provider": "provider.aws.region-master",
      "instances": [
        {
          "schema_version": 1,
          "attributes": {
            "arn": "arn:aws:ec2:us-east-1:342667981103:vpc/vpc-030c8963e1066db70",
            "assign_generated_ipv6_cidr_block": false,
            "cidr_block": "10.0.0.0/16",
            "default_network_acl_id": "acl-0b5198aae17b5a515",
            "default_route_table_id": "rtb-087769be4fb7ee87c",
            "default_security_group_id": "sg-0eaeb748e88f9f5a0",
            "dhcp_options_id": "dopt-0b2ab371",
            "enable_classiclink": false,
            "enable_classiclink_dns_support": false,
            "enable_dns_hostnames": true,
            "enable_dns_support": true,
            "id": "vpc-030c8963e1066db70",
            "instance_tenancy": "default",
            "ipv6_association_id": "",
            "ipv6_cidr_block": "",
            "main_route_table_id": "rtb-087769be4fb7ee87c",
            "owner_id": "342667981103",
            "tags": {
              "Name": "master-vpc-jenkins"
            }
          },
          "private": "eyJzY2hlbWFfdmVyc2lvbiI6IjEifQ=="
        }
      ]
    },
    {
      "mode": "managed",
      "type": "aws_vpc",
      "name": "vpc_uswest",
      "provider": "provider.aws.region-worker",
      "instances": [
        {
          "schema_version": 1,
          "attributes": {
            "arn": "arn:aws:ec2:us-west-2:342667981103:vpc/vpc-0809a0a4817eb5916",
            "assign_generated_ipv6_cidr_block": false,
            "cidr_block": "192.168.0.0/16",
            "default_network_acl_id": "acl-05a1559c2320b1770",
            "default_route_table_id": "rtb-0ff0b151efe1ddd1d",
            "default_security_group_id": "sg-048edb65864217daa",
            "dhcp_options_id": "dopt-21f68b59",
            "enable_classiclink": false,
            "enable_classiclink_dns_support": false,
            "enable_dns_hostnames": true,
            "enable_dns_support": true,
            "id": "vpc-0809a0a4817eb5916",
            "instance_tenancy": "default",
            "ipv6_association_id": "",
            "ipv6_cidr_block": "",
            "main_route_table_id": "rtb-0ff0b151efe1ddd1d",
            "owner_id": "342667981103",
            "tags": {
              "Name": "worker-vpc-jenkins"
            }
          },
          "private": "eyJzY2hlbWFfdmVyc2lvbiI6IjEifQ=="
        }
      ]
    },
    {
      "mode": "managed",
      "type": "aws_vpc_peering_connection",
      "name": "useast1-uswest-2",
      "provider": "provider.aws.region-master",
      "instances": [
        {
          "schema_version": 0,
          "attributes": {
            "accept_status": "active",
            "accepter": [
              {
                "allow_classic_link_to_remote_vpc": false,
                "allow_remote_vpc_dns_resolution": false,
                "allow_vpc_to_remote_classic_link": false
              }
            ],
            "auto_accept": null,
            "id": "pcx-024d975687d2429f3",
            "peer_owner_id": "342667981103",
            "peer_region": "us-west-2",
            "peer_vpc_id": "vpc-0809a0a4817eb5916",
            "requester": [
              {
                "allow_classic_link_to_remote_vpc": false,
                "allow_remote_vpc_dns_resolution": false,
                "allow_vpc_to_remote_classic_link": false
              }
            ],
            "tags": {},
            "timeouts": null,
            "vpc_id": "vpc-030c8963e1066db70"
          },
          "private": "eyJlMmJmYjczMC1lY2FhLTExZTYtOGY4OC0zNDM2M2JjN2M0YzAiOnsiY3JlYXRlIjo2MDAwMDAwMDAwMCwiZGVsZXRlIjo2MDAwMDAwMDAwMCwidXBkYXRlIjo2MDAwMDAwMDAwMH19",
          "dependencies": [
            "aws_vpc.vpc_useast",
            "aws_vpc.vpc_uswest"
          ]
        }
      ]
    }
  ]
}
